
Microsoft Visual Studio Solution File, Format Version 12.00
# Visual Studio 2012
Project("{FAE04EC0-301F-11D3-BF4B-00C04F79EFBC}") = "yeni proje", "yeni proje\yeni proje.csproj", "{BE31C443-DEAD-438D-935A-F95C77F3DB0A}"
EndProject
Global
	GlobalSection(SolutionConfigurationPlatforms) = preSolution
		Debug|Any CPU = Debug|Any CPU
		Release|Any CPU = Release|Any CPU
	EndGlobalSection
	GlobalSection(ProjectConfigurationPlatforms) = postSolution
		{BE31C443-DEAD-438D-935A-F95C77F3DB0A}.Debug|Any CPU.ActiveCfg = Debug|Any CPU
		{BE31C443-DEAD-438D-935A-F95C77F3DB0A}.Debug|Any CPU.Build.0 = Debug|Any CPU
		{BE31C443-DEAD-438D-935A-F95C77F3DB0A}.Release|Any CPU.ActiveCfg = Release|Any CPU
		{BE31C443-DEAD-438D-935A-F95C77F3DB0A}.Release|Any CPU.Build.0 = Release|Any CPU
	EndGlobalSection
	GlobalSection(SolutionProperties) = preSolution
		HideSolutionNode = FALSE
	EndGlobalSection
EndGlobal
